github.com/before80/utils v0.1.2 h1:TnksrcpxxQVqpIbiSfS2oJwNPjjJt8LFt1ArJR0q9hY=
github.com/before80/utils v0.1.2/go.mod h1:q1M4MDNtaNV3WkGQPEyki/fwoMkJQCXCRzFB+CLvRjU=
github.com/before80/utils v0.1.3 h1:J8rYdzu+ZCmmQTXud/qf4hFG7K/XsN+19AuH15ZGlCw=
github.com/before80/utils v0.1.3/go.mod h1:q1M4MDNtaNV3WkGQPEyki/fwoMkJQCXCRzFB+CLvRjU=
github.com/before80/utils v0.1.4 h1:7iUoOay5yJH7mb/nBD4Un1yHjsb9Tk0Qf214qjp9hAw=
github.com/before80/utils v0.1.4/go.mod h1:q1M4MDNtaNV3WkGQPEyki/fwoMkJQCXCRzFB+CLvRjU=
github.com/before80/utils v0.1.5 h1:cRCruNJvQHEaYtwBz3k5UPZMMhV97HSJdBvatqW8yIE=
github.com/before80/utils v0.1.5/go.mod h1:q1M4MDNtaNV3WkGQPEyki/fwoMkJQCXCRzFB+CLvRjU=
